github.com/jsanchesleao/pixel v1.0.1 h1:jKTjOpktHX9X+wvxRLMY5xuSI03+KplSyxthk0/MFhQ=
github.com/jsanchesleao/pixel v1.0.1/go.mod h1:bPewcNJVvTQ+m6LQNjif/NRixf4q9oPAgDaulfU7nu4=
github.com/veandco/go-sdl2 v0.4.24 h1:J+OCnPp0yfas4DAG13e3kIgC84mNxWGa3gpWYxrQQfI=
github.com/veandco/go-sdl2 v0.4.24/go.mod h1:OROqMhHD43nT4/i9crJukyVecjPNYYuCofep6SNiAjY=
